
Microsoft Visual Studio Solution File, Format Version 12.00
# Visual Studio Version 17
VisualStudioVersion = 17.10.35122.118
MinimumVisualStudioVersion = 10.0.40219.1
Project("{FAE04EC0-301F-11D3-BF4B-00C04F79EFBC}") = "Show_version", "Show_version.csproj", "{39483D5B-1BCC-4285-9466-4B28F798DE81}"
EndProject
Global
	GlobalSection(SolutionConfigurationPlatforms) = preSolution
		Debug|Any CPU = Debug|Any CPU
		Release|Any CPU = Release|Any CPU
	EndGlobalSection
	GlobalSection(ProjectConfigurationPlatforms) = postSolution
		{39483D5B-1BCC-4285-9466-4B28F798DE81}.Debug|Any CPU.ActiveCfg = Debug|Any CPU
		{39483D5B-1BCC-4285-9466-4B28F798DE81}.Debug|Any CPU.Build.0 = Debug|Any CPU
		{39483D5B-1BCC-4285-9466-4B28F798DE81}.Release|Any CPU.ActiveCfg = Release|Any CPU
		{39483D5B-1BCC-4285-9466-4B28F798DE81}.Release|Any CPU.Build.0 = Release|Any CPU
	EndGlobalSection
	GlobalSection(SolutionProperties) = preSolution
		HideSolutionNode = FALSE
	EndGlobalSection
	GlobalSection(ExtensibilityGlobals) = postSolution
		SolutionGuid = {1B627426-FBB6-4CFD-8A25-33C241F38078}
	EndGlobalSection
EndGlobal
