
Microsoft Visual Studio Solution File, Format Version 12.00
# Visual Studio Version 17
VisualStudioVersion = 17.11.35312.102
MinimumVisualStudioVersion = 10.0.40219.1
Project("{FAE04EC0-301F-11D3-BF4B-00C04F79EFBC}") = "FufuTools", "FufuTools.csproj", "{88C57CFA-9514-4E86-8874-D262B289AC02}"
EndProject
Global
	GlobalSection(SolutionConfigurationPlatforms) = preSolution
		Debug|Any CPU = Debug|Any CPU
		Release|Any CPU = Release|Any CPU
	EndGlobalSection
	GlobalSection(ProjectConfigurationPlatforms) = postSolution
		{88C57CFA-9514-4E86-8874-D262B289AC02}.Debug|Any CPU.ActiveCfg = Debug|Any CPU
		{88C57CFA-9514-4E86-8874-D262B289AC02}.Debug|Any CPU.Build.0 = Debug|Any CPU
		{88C57CFA-9514-4E86-8874-D262B289AC02}.Release|Any CPU.ActiveCfg = Release|Any CPU
		{88C57CFA-9514-4E86-8874-D262B289AC02}.Release|Any CPU.Build.0 = Release|Any CPU
	EndGlobalSection
	GlobalSection(SolutionProperties) = preSolution
		HideSolutionNode = FALSE
	EndGlobalSection
	GlobalSection(ExtensibilityGlobals) = postSolution
		SolutionGuid = {FA251E56-86D4-4833-88B7-B61B0538AD19}
	EndGlobalSection
EndGlobal
